# This file is automatically @generated by Wally.
# It is not intended for manual editing.
registry = "test"

[[package]]
name = "anthony0br/documentservice"
version = "1.2.2"
dependencies = []

[[package]]
name = "edwar/lobby"
version = "0.1.0"
dependencies = [["documentservice", "anthony0br/documentservice@1.2.2"], ["guard", "red-blox/guard@1.0.1"]]

[[package]]
name = "red-blox/guard"
version = "1.0.1"
dependencies = []
